
Microsoft Visual Studio Solution File, Format Version 12.00
# Visual Studio 15
VisualStudioVersion = 15.0.28010.2036
MinimumVisualStudioVersion = 10.0.40219.1
Project("{FAE04EC0-301F-11D3-BF4B-00C04F79EFBC}") = "Recodify.Statsd", "src\Collinson.Statsd\Recodify.Statsd.csproj", "{0E51D4FC-E4CE-4BAA-B9AF-7A35F81B93D3}"
EndProject
Global
	GlobalSection(SolutionConfigurationPlatforms) = preSolution
		Debug|Any CPU = Debug|Any CPU
		Release|Any CPU = Release|Any CPU
	EndGlobalSection
	GlobalSection(ProjectConfigurationPlatforms) = postSolution
		{0E51D4FC-E4CE-4BAA-B9AF-7A35F81B93D3}.Debug|Any CPU.ActiveCfg = Debug|Any CPU
		{0E51D4FC-E4CE-4BAA-B9AF-7A35F81B93D3}.Debug|Any CPU.Build.0 = Debug|Any CPU
		{0E51D4FC-E4CE-4BAA-B9AF-7A35F81B93D3}.Release|Any CPU.ActiveCfg = Release|Any CPU
		{0E51D4FC-E4CE-4BAA-B9AF-7A35F81B93D3}.Release|Any CPU.Build.0 = Release|Any CPU
	EndGlobalSection
	GlobalSection(SolutionProperties) = preSolution
		HideSolutionNode = FALSE
	EndGlobalSection
	GlobalSection(ExtensibilityGlobals) = postSolution
		SolutionGuid = {C218EC40-5497-4BA1-B870-FEDFA5AC7E33}
	EndGlobalSection
EndGlobal
